{
  "name": "inverter-dashboard-go",
  "version": "1.0.0",
  "lockfileVersion": 3,
  "requires": true,
  "packages": {
    "": {
      "name": "inverter-dashboard-go",
      "version": "1.0.0",
      "hasInstallScript": true,
      "license": "MIT",
      "os": [
        "darwin",
        "linux"
      ],
      "devDependencies": {},
      "engines": {
        "node": ">=14.0.0"
      }
    }
  }
}
